
Microsoft Visual Studio Solution File, Format Version 12.00
# Visual Studio 15
VisualStudioVersion = 15.0.27428.2015
MinimumVisualStudioVersion = 10.0.40219.1
Project("{8BC9CEB8-8B4A-11D0-8D11-00A0C91BC942}") = "ComputerVision", "ComputerVision\ComputerVision.vcxproj", "{6CEBB6F0-6B87-48D9-8E29-90A8FD30BD44}"
EndProject
Global
	GlobalSection(SolutionConfigurationPlatforms) = preSolution
		Debug|x64 = Debug|x64
		Debug|x86 = Debug|x86
		Release|x64 = Release|x64
		Release|x86 = Release|x86
	EndGlobalSection
	GlobalSection(ProjectConfigurationPlatforms) = postSolution
		{6CEBB6F0-6B87-48D9-8E29-90A8FD30BD44}.Debug|x64.ActiveCfg = Debug|x64
		{6CEBB6F0-6B87-48D9-8E29-90A8FD30BD44}.Debug|x64.Build.0 = Debug|x64
		{6CEBB6F0-6B87-48D9-8E29-90A8FD30BD44}.Debug|x86.ActiveCfg = Debug|Win32
		{6CEBB6F0-6B87-48D9-8E29-90A8FD30BD44}.Debug|x86.Build.0 = Debug|Win32
		{6CEBB6F0-6B87-48D9-8E29-90A8FD30BD44}.Release|x64.ActiveCfg = Release|x64
		{6CEBB6F0-6B87-48D9-8E29-90A8FD30BD44}.Release|x64.Build.0 = Release|x64
		{6CEBB6F0-6B87-48D9-8E29-90A8FD30BD44}.Release|x86.ActiveCfg = Release|Win32
		{6CEBB6F0-6B87-48D9-8E29-90A8FD30BD44}.Release|x86.Build.0 = Release|Win32
	EndGlobalSection
	GlobalSection(SolutionProperties) = preSolution
		HideSolutionNode = FALSE
	EndGlobalSection
	GlobalSection(ExtensibilityGlobals) = postSolution
		SolutionGuid = {B48BE4E9-048E-4165-9124-FFA6AA9B6337}
	EndGlobalSection
EndGlobal
