<?xml version="1.0" encoding="utf-8"?>
<Project ToolsVersion="4.0" xmlns="http://schemas.microsoft.com/developer/msbuild/2003">
  <ItemGroup>
    <Filter Include="源文件">
      <UniqueIdentifier>{4FC737F1-C7A5-4376-A066-2A32D752A2FF}</UniqueIdentifier>
      <Extensions>cpp;c;cc;cxx;def;odl;idl;hpj;bat;asm;asmx</Extensions>
    </Filter>
    <Filter Include="头文件">
      <UniqueIdentifier>{93995380-89BD-4b04-88EB-625FBE52EBFB}</UniqueIdentifier>
      <Extensions>h;hh;hpp;hxx;hm;inl;inc;ipp;xsd</Extensions>
    </Filter>
    <Filter Include="资源文件">
      <UniqueIdentifier>{67DA6AB6-F800-4c08-8B7A-83BB121AAD01}</UniqueIdentifier>
      <Extensions>rc;ico;cur;bmp;dlg;rc2;rct;bin;rgs;gif;jpg;jpeg;jpe;resx;tiff;tif;png;wav;mfcribbon-ms</Extensions>
    </Filter>
    <Filter Include="头文件\Ferns">
      <UniqueIdentifier>{2b15fda5-aefe-44d2-a5b6-ff1024c3d157}</UniqueIdentifier>
    </Filter>
    <Filter Include="源文件\Ferns">
      <UniqueIdentifier>{a3463d57-9e84-4f84-87d5-ffc5aafbb23c}</UniqueIdentifier>
    </Filter>
  </ItemGroup>
  <ItemGroup>
    <ClInclude Include="ComputerVision.h">
      <Filter>头文件</Filter>
    </ClInclude>
    <ClInclude Include="ComputerVisionDlg.h">
      <Filter>头文件</Filter>
    </ClInclude>
    <ClInclude Include="stdafx.h">
      <Filter>头文件</Filter>
    </ClInclude>
    <ClInclude Include="targetver.h">
      <Filter>头文件</Filter>
    </ClInclude>
    <ClInclude Include="Resource.h">
      <Filter>头文件</Filter>
    </ClInclude>
    <ClInclude Include="ImageMatch.h">
      <Filter>头文件</Filter>
    </ClInclude>
    <ClInclude Include="CImage_Mat.h">
      <Filter>头文件</Filter>
    </ClInclude>
    <ClInclude Include="Ferns\FernClassifier.h">
      <Filter>头文件\Ferns</Filter>
    </ClInclude>
    <ClInclude Include="Ferns\General.h">
      <Filter>头文件\Ferns</Filter>
    </ClInclude>
    <ClInclude Include="Ferns\PatchGenerator.h">
      <Filter>头文件\Ferns</Filter>
    </ClInclude>
    <ClInclude Include="Ferns\PlanarObjectDetector.h">
      <Filter>头文件\Ferns</Filter>
    </ClInclude>
    <ClInclude Include="Ferns\Yape.h">
      <Filter>头文件\Ferns</Filter>
    </ClInclude>
  </ItemGroup>
  <ItemGroup>
    <ClCompile Include="ComputerVision.cpp">
      <Filter>源文件</Filter>
    </ClCompile>
    <ClCompile Include="ComputerVisionDlg.cpp">
      <Filter>源文件</Filter>
    </ClCompile>
    <ClCompile Include="stdafx.cpp">
      <Filter>源文件</Filter>
    </ClCompile>
    <ClCompile Include="ImageMatch.cpp">
      <Filter>源文件</Filter>
    </ClCompile>
    <ClCompile Include="CImage_Mat.cpp">
      <Filter>源文件</Filter>
    </ClCompile>
    <ClCompile Include="Ferns\FernClassifier.cpp">
      <Filter>源文件\Ferns</Filter>
    </ClCompile>
    <ClCompile Include="Ferns\PatchGenerator.cpp">
      <Filter>源文件\Ferns</Filter>
    </ClCompile>
    <ClCompile Include="Ferns\PlanarObjectDetector.cpp">
      <Filter>源文件\Ferns</Filter>
    </ClCompile>
    <ClCompile Include="Ferns\Yape.cpp">
      <Filter>源文件\Ferns</Filter>
    </ClCompile>
  </ItemGroup>
  <ItemGroup>
    <ResourceCompile Include="ComputerVision.rc">
      <Filter>资源文件</Filter>
    </ResourceCompile>
  </ItemGroup>
  <ItemGroup>
    <None Include="res\ComputerVision.rc2">
      <Filter>资源文件</Filter>
    </None>
  </ItemGroup>
  <ItemGroup>
    <Image Include="res\ComputerVision.ico">
      <Filter>资源文件</Filter>
    </Image>
  </ItemGroup>
</Project>